// !$*UTF8*$!
{
	archiveVersion = 1;
	classes = {
	};
	objectVersion = 56;
	objects = {

/* Begin PBXBuildFile section */
		65619EEB2AB760B5009E90CA /* HealthKit_ChallengeApp.swift in Sources */ = {isa = PBXBuildFile; fileRef = 65619EEA2AB760B5009E90CA /* HealthKit_ChallengeApp.swift */; };
		65619EED2AB760B5009E90CA /* ContentView.swift in Sources */ = {isa = PBXBuildFile; fileRef = 65619EEC2AB760B5009E90CA /* ContentView.swift */; };
		65619EEF2AB760B5009E90CA /* Assets.xcassets in Resources */ = {isa = PBXBuildFile; fileRef = 65619EEE2AB760B5009E90CA /* Assets.xcassets */; };
		65619EF22AB760B5009E90CA /* Preview Assets.xcassets in Resources */ = {isa = PBXBuildFile; fileRef = 65619EF12AB760B5009E90CA /* Preview Assets.xcassets */; };
		65619EFC2AB760B5009E90CA /* HealthKit_ChallengeTests.swift in Sources */ = {isa = PBXBuildFile; fileRef = 65619EFB2AB760B5009E90CA /* HealthKit_ChallengeTests.swift */; };
		65619F062AB760B5009E90CA /* HealthKit_ChallengeUITests.swift in Sources */ = {isa = PBXBuildFile; fileRef = 65619F052AB760B5009E90CA /* HealthKit_ChallengeUITests.swift */; };
		65619F082AB760B5009E90CA /* HealthKit_ChallengeUITestsLaunchTests.swift in Sources */ = {isa = PBXBuildFile; fileRef = 65619F072AB760B5009E90CA /* HealthKit_ChallengeUITestsLaunchTests.swift */; };
/* End PBXBuildFile section */

/* Begin PBXContainerItemProxy section */
		65619EF82AB760B5009E90CA /* PBXContainerItemProxy */ = {
			isa = PBXContainerItemProxy;
			containerPortal = 65619EDF2AB760B4009E90CA /* Project object */;
			proxyType = 1;
			remoteGlobalIDString = 65619EE62AB760B4009E90CA;
			remoteInfo = "HealthKit-Challenge";
		};
		65619F022AB760B5009E90CA /* PBXContainerItemProxy */ = {
			isa = PBXContainerItemProxy;
			containerPortal = 65619EDF2AB760B4009E90CA /* Project object */;
			proxyType = 1;
			remoteGlobalIDString = 65619EE62AB760B4009E90CA;
			remoteInfo = "HealthKit-Challenge";
		};
/* End PBXContainerItemProxy section */

/* Begin PBXFileReference section */
		65619EE72AB760B5009E90CA /* HealthKit-Challenge.app */ = {isa = PBXFileReference; explicitFileType = wrapper.application; includeInIndex = 0; path = "HealthKit-Challenge.app"; sourceTree = BUILT_PRODUCTS_DIR; };
		65619EEA2AB760B5009E90CA /* HealthKit_ChallengeApp.swift */ = {isa = PBXFileReference; lastKnownFileType = sourcecode.swift; path = HealthKit_ChallengeApp.swift; sourceTree = "<group>"; };
		65619EEC2AB760B5009E90CA /* ContentView.swift */ = {isa = PBXFileReference; lastKnownFileType = sourcecode.swift; path = ContentView.swift; sourceTree = "<group>"; };
		65619EEE2AB760B5009E90CA /* Assets.xcassets */ = {isa = PBXFileReference; lastKnownFileType = folder.assetcatalog; path = Assets.xcassets; sourceTree = "<group>"; };
		65619EF12AB760B5009E90CA /* Preview Assets.xcassets */ = {isa = PBXFileReference; lastKnownFileType = folder.assetcatalog; path = "Preview Assets.xcassets"; sourceTree = "<group>"; };
		65619EF72AB760B5009E90CA /* HealthKit-ChallengeTests.xctest */ = {isa = PBXFileReference; explicitFileType = wrapper.cfbundle; includeInIndex = 0; path = "HealthKit-ChallengeTests.xctest"; sourceTree = BUILT_PRODUCTS_DIR; };
		65619EFB2AB760B5009E90CA /* HealthKit_ChallengeTests.swift */ = {isa = PBXFileReference; lastKnownFileType = sourcecode.swift; path = HealthKit_ChallengeTests.swift; sourceTree = "<group>"; };
		65619F012AB760B5009E90CA /* HealthKit-ChallengeUITests.xctest */ = {isa = PBXFileReference; explicitFileType = wrapper.cfbundle; includeInIndex = 0; path = "HealthKit-ChallengeUITests.xctest"; sourceTree = BUILT_PRODUCTS_DIR; };
		65619F052AB760B5009E90CA /* HealthKit_ChallengeUITests.swift */ = {isa = PBXFileReference; lastKnownFileType = sourcecode.swift; path = HealthKit_ChallengeUITests.swift; sourceTree = "<group>"; };
		65619F072AB760B5009E90CA /* HealthKit_ChallengeUITestsLaunchTests.swift */ = {isa = PBXFileReference; lastKnownFileType = sourcecode.swift; path = HealthKit_ChallengeUITestsLaunchTests.swift; sourceTree = "<group>"; };
/* End PBXFileReference section */

/* Begin PBXFrameworksBuildPhase section */
		65619EE42AB760B4009E90CA /* Frameworks */ = {
			isa = PBXFrameworksBuildPhase;
			buildActionMask = 2147483647;
			files = (
			);
			runOnlyForDeploymentPostprocessing = 0;
		};
		65619EF42AB760B5009E90CA /* Frameworks */ = {
			isa = PBXFrameworksBuildPhase;
			buildActionMask = 2147483647;
			files = (
			);
			runOnlyForDeploymentPostprocessing = 0;
		};
		65619EFE2AB760B5009E90CA /* Frameworks */ = {
			isa = PBXFrameworksBuildPhase;
			buildActionMask = 2147483647;
			files = (
			);
			runOnlyForDeploymentPostprocessing = 0;
		};
/* End PBXFrameworksBuildPhase section */

/* Begin PBXGroup section */
		65619EDE2AB760B4009E90CA = {
			isa = PBXGroup;
			children = (
				65619EE92AB760B5009E90CA /* HealthKit-Challenge */,
				65619EFA2AB760B5009E90CA /* HealthKit-ChallengeTests */,
				65619F042AB760B5009E90CA /* HealthKit-ChallengeUITests */,
				65619EE82AB760B5009E90CA /* Products */,
			);
			sourceTree = "<group>";
		};
		65619EE82AB760B5009E90CA /* Products */ = {
			isa = PBXGroup;
			children = (
				65619EE72AB760B5009E90CA /* HealthKit-Challenge.app */,
				65619EF72AB760B5009E90CA /* HealthKit-ChallengeTests.xctest */,
				65619F012AB760B5009E90CA /* HealthKit-ChallengeUITests.xctest */,
			);
			name = Products;
			sourceTree = "<group>";
		};
		65619EE92AB760B5009E90CA /* HealthKit-Challenge */ = {
			isa = PBXGroup;
			children = (
				65619EEA2AB760B5009E90CA /* HealthKit_ChallengeApp.swift */,
				65619EEC2AB760B5009E90CA /* ContentView.swift */,
				65619EEE2AB760B5009E90CA /* Assets.xcassets */,
				65619EF02AB760B5009E90CA /* Preview Content */,
			);
			path = "HealthKit-Challenge";
			sourceTree = "<group>";
		};
		65619EF02AB760B5009E90CA /* Preview Content */ = {
			isa = PBXGroup;
			children = (
				65619EF12AB760B5009E90CA /* Preview Assets.xcassets */,
			);
			path = "Preview Content";
			sourceTree = "<group>";
		};
		65619EFA2AB760B5009E90CA /* HealthKit-ChallengeTests */ = {
			isa = PBXGroup;
			children = (
				65619EFB2AB760B5009E90CA /* HealthKit_ChallengeTests.swift */,
			);
			path = "HealthKit-ChallengeTests";
			sourceTree = "<group>";
		};
		65619F042AB760B5009E90CA /* HealthKit-ChallengeUITests */ = {
			isa = PBXGroup;
			children = (
				65619F052AB760B5009E90CA /* HealthKit_ChallengeUITests.swift */,
				65619F072AB760B5009E90CA /* HealthKit_ChallengeUITestsLaunchTests.swift */,
			);
			path = "HealthKit-ChallengeUITests";
			sourceTree = "<group>";
		};
/* End PBXGroup section */

/* Begin PBXNativeTarget section */
		65619EE62AB760B4009E90CA /* HealthKit-Challenge */ = {
			isa = PBXNativeTarget;
			buildConfigurationList = 65619F0B2AB760B5009E90CA /* Build configuration list for PBXNativeTarget "HealthKit-Challenge" */;
			buildPhases = (
				65619EE32AB760B4009E90CA /* Sources */,
				65619EE42AB760B4009E90CA /* Frameworks */,
				65619EE52AB760B4009E90CA /* Resources */,
			);
			buildRules = (
			);
			dependencies = (
			);
			name = "HealthKit-Challenge";
			productName = "HealthKit-Challenge";
			productReference = 65619EE72AB760B5009E90CA /* HealthKit-Challenge.app */;
			productType = "com.apple.product-type.application";
		};
		65619EF62AB760B5009E90CA /* HealthKit-ChallengeTests */ = {
			isa = PBXNativeTarget;
			buildConfigurationList = 65619F0E2AB760B5009E90CA /* Build configuration list for PBXNativeTarget "HealthKit-ChallengeTests" */;
			buildPhases = (
				65619EF32AB760B5009E90CA /* Sources */,
				65619EF42AB760B5009E90CA /* Frameworks */,
				65619EF52AB760B5009E90CA /* Resources */,
			);
			buildRules = (
			);
			dependencies = (
				65619EF92AB760B5009E90CA /* PBXTargetDependency */,
			);
			name = "HealthKit-ChallengeTests";
			productName = "HealthKit-ChallengeTests";
			productReference = 65619EF72AB760B5009E90CA /* HealthKit-ChallengeTests.xctest */;
			productType = "com.apple.product-type.bundle.unit-test";
		};
		65619F002AB760B5009E90CA /* HealthKit-ChallengeUITests */ = {
			isa = PBXNativeTarget;
			buildConfigurationList = 65619F112AB760B5009E90CA /* Build configuration list for PBXNativeTarget "HealthKit-ChallengeUITests" */;
			buildPhases = (
				65619EFD2AB760B5009E90CA /* Sources */,
				65619EFE2AB760B5009E90CA /* Frameworks */,
				65619EFF2AB760B5009E90CA /* Resources */,
			);
			buildRules = (
			);
			dependencies = (
				65619F032AB760B5009E90CA /* PBXTargetDependency */,
			);
			name = "HealthKit-ChallengeUITests";
			productName = "HealthKit-ChallengeUITests";
			productReference = 65619F012AB760B5009E90CA /* HealthKit-ChallengeUITests.xctest */;
			productType = "com.apple.product-type.bundle.ui-testing";
		};
/* End PBXNativeTarget section */

/* Begin PBXProject section */
		65619EDF2AB760B4009E90CA /* Project object */ = {
			isa = PBXProject;
			attributes = {
				BuildIndependentTargetsInParallel = 1;
				LastSwiftUpdateCheck = 1430;
				LastUpgradeCheck = 1430;
				TargetAttributes = {
					65619EE62AB760B4009E90CA = {
						CreatedOnToolsVersion = 14.3.1;
					};
					65619EF62AB760B5009E90CA = {
						CreatedOnToolsVersion = 14.3.1;
						TestTargetID = 65619EE62AB760B4009E90CA;
					};
					65619F002AB760B5009E90CA = {
						CreatedOnToolsVersion = 14.3.1;
						TestTargetID = 65619EE62AB760B4009E90CA;
					};
				};
			};
			buildConfigurationList = 65619EE22AB760B4009E90CA /* Build configuration list for PBXProject "HealthKit-Challenge" */;
			compatibilityVersion = "Xcode 14.0";
			developmentRegion = en;
			hasScannedForEncodings = 0;
			knownRegions = (
				en,
				Base,
			);
			mainGroup = 65619EDE2AB760B4009E90CA;
			productRefGroup = 65619EE82AB760B5009E90CA /* Products */;
			projectDirPath = "";
			projectRoot = "";
			targets = (
				65619EE62AB760B4009E90CA /* HealthKit-Challenge */,
				65619EF62AB760B5009E90CA /* HealthKit-ChallengeTests */,
				65619F002AB760B5009E90CA /* HealthKit-ChallengeUITests */,
			);
		};
/* End PBXProject section */

/* Begin PBXResourcesBuildPhase section */
		65619EE52AB760B4009E90CA /* Resources */ = {
			isa = PBXResourcesBuildPhase;
			buildActionMask = 2147483647;
			files = (
				65619EF22AB760B5009E90CA /* Preview Assets.xcassets in Resources */,
				65619EEF2AB760B5009E90CA /* Assets.xcassets in Resources */,
			);
			runOnlyForDeploymentPostprocessing = 0;
		};
		65619EF52AB760B5009E90CA /* Resources */ = {
			isa = PBXResourcesBuildPhase;
			buildActionMask = 2147483647;
			files = (
			);
			runOnlyForDeploymentPostprocessing = 0;
		};
		65619EFF2AB760B5009E90CA /* Resources */ = {
			isa = PBXResourcesBuildPhase;
			buildActionMask = 2147483647;
			files = (
			);
			runOnlyForDeploymentPostprocessing = 0;
		};
/* End PBXResourcesBuildPhase section */

/* Begin PBXSourcesBuildPhase section */
		65619EE32AB760B4009E90CA /* Sources */ = {
			isa = PBXSourcesBuildPhase;
			buildActionMask = 2147483647;
			files = (
				65619EED2AB760B5009E90CA /* ContentView.swift in Sources */,
				65619EEB2AB760B5009E90CA /* HealthKit_ChallengeApp.swift in Sources */,
			);
			runOnlyForDeploymentPostprocessing = 0;
		};
		65619EF32AB760B5009E90CA /* Sources */ = {
			isa = PBXSourcesBuildPhase;
			buildActionMask = 2147483647;
			files = (
				65619EFC2AB760B5009E90CA /* HealthKit_ChallengeTests.swift in Sources */,
			);
			runOnlyForDeploymentPostprocessing = 0;
		};
		65619EFD2AB760B5009E90CA /* Sources */ = {
			isa = PBXSourcesBuildPhase;
			buildActionMask = 2147483647;
			files = (
				65619F062AB760B5009E90CA /* HealthKit_ChallengeUITests.swift in Sources */,
				65619F082AB760B5009E90CA /* HealthKit_ChallengeUITestsLaunchTests.swift in Sources */,
			);
			runOnlyForDeploymentPostprocessing = 0;
		};
/* End PBXSourcesBuildPhase section */

/* Begin PBXTargetDependency section */
		65619EF92AB760B5009E90CA /* PBXTargetDependency */ = {
			isa = PBXTargetDependency;
			target = 65619EE62AB760B4009E90CA /* HealthKit-Challenge */;
			targetProxy = 65619EF82AB760B5009E90CA /* PBXContainerItemProxy */;
		};
		65619F032AB760B5009E90CA /* PBXTargetDependency */ = {
			isa = PBXTargetDependency;
			target = 65619EE62AB760B4009E90CA /* HealthKit-Challenge */;
			targetProxy = 65619F022AB760B5009E90CA /* PBXContainerItemProxy */;
		};
/* End PBXTargetDependency section */

/* Begin XCBuildConfiguration section */
		65619F092AB760B5009E90CA /* Debug */ = {
			isa = XCBuildConfiguration;
			buildSettings = {
				ALWAYS_SEARCH_USER_PATHS = NO;
				CLANG_ANALYZER_NONNULL = YES;
				CLANG_ANALYZER_NUMBER_OBJECT_CONVERSION = YES_AGGRESSIVE;
				CLANG_CXX_LANGUAGE_STANDARD = "gnu++20";
				CLANG_ENABLE_MODULES = YES;
				CLANG_ENABLE_OBJC_ARC = YES;
				CLANG_ENABLE_OBJC_WEAK = YES;
				CLANG_WARN_BLOCK_CAPTURE_AUTORELEASING = YES;
				CLANG_WARN_BOOL_CONVERSION = YES;
				CLANG_WARN_COMMA = YES;
				CLANG_WARN_CONSTANT_CONVERSION = YES;
				CLANG_WARN_DEPRECATED_OBJC_IMPLEMENTATIONS = YES;
				CLANG_WARN_DIRECT_OBJC_ISA_USAGE = YES_ERROR;
				CLANG_WARN_DOCUMENTATION_COMMENTS = YES;
				CLANG_WARN_EMPTY_BODY = YES;
				CLANG_WARN_ENUM_CONVERSION = YES;
				CLANG_WARN_INFINITE_RECURSION = YES;
				CLANG_WARN_INT_CONVERSION = YES;
				CLANG_WARN_NON_LITERAL_NULL_CONVERSION = YES;
				CLANG_WARN_OBJC_IMPLICIT_RETAIN_SELF = YES;
				CLANG_WARN_OBJC_LITERAL_CONVERSION = YES;
				CLANG_WARN_OBJC_ROOT_CLASS = YES_ERROR;
				CLANG_WARN_QUOTED_INCLUDE_IN_FRAMEWORK_HEADER = YES;
				CLANG_WARN_RANGE_LOOP_ANALYSIS = YES;
				CLANG_WARN_STRICT_PROTOTYPES = YES;
				CLANG_WARN_SUSPICIOUS_MOVE = YES;
				CLANG_WARN_UNGUARDED_AVAILABILITY = YES_AGGRESSIVE;
				CLANG_WARN_UNREACHABLE_CODE = YES;
				CLANG_WARN__DUPLICATE_METHOD_MATCH = YES;
				COPY_PHASE_STRIP = NO;
				DEBUG_INFORMATION_FORMAT = dwarf;
				ENABLE_STRICT_OBJC_MSGSEND = YES;
				ENABLE_TESTABILITY = YES;
				GCC_C_LANGUAGE_STANDARD = gnu11;
				GCC_DYNAMIC_NO_PIC = NO;
				GCC_NO_COMMON_BLOCKS = YES;
				GCC_OPTIMIZATION_LEVEL = 0;
				GCC_PREPROCESSOR_DEFINITIONS = (
					"DEBUG=1",
					"$(inherited)",
				);
				GCC_WARN_64_TO_32_BIT_CONVERSION = YES;
				GCC_WARN_ABOUT_RETURN_TYPE = YES_ERROR;
				GCC_WARN_UNDECLARED_SELECTOR = YES;
				GCC_WARN_UNINITIALIZED_AUTOS = YES_AGGRESSIVE;
				GCC_WARN_UNUSED_FUNCTION = YES;
				GCC_WARN_UNUSED_VARIABLE = YES;
				IPHONEOS_DEPLOYMENT_TARGET = 16.4;
				MTL_ENABLE_DEBUG_INFO = INCLUDE_SOURCE;
				MTL_FAST_MATH = YES;
				ONLY_ACTIVE_ARCH = YES;
				SDKROOT = iphoneos;
				SWIFT_ACTIVE_COMPILATION_CONDITIONS = DEBUG;
				SWIFT_OPTIMIZATION_LEVEL = "-Onone";
			};
			name = Debug;
		};
		65619F0A2AB760B5009E90CA /* Release */ = {
			isa = XCBuildConfiguration;
			buildSettings = {
				ALWAYS_SEARCH_USER_PATHS = NO;
				CLANG_ANALYZER_NONNULL = YES;
				CLANG_ANALYZER_NUMBER_OBJECT_CONVERSION = YES_AGGRESSIVE;
				CLANG_CXX_LANGUAGE_STANDARD = "gnu++20";
				CLANG_ENABLE_MODULES = YES;
				CLANG_ENABLE_OBJC_ARC = YES;
				CLANG_ENABLE_OBJC_WEAK = YES;
				CLANG_WARN_BLOCK_CAPTURE_AUTORELEASING = YES;
				CLANG_WARN_BOOL_CONVERSION = YES;
				CLANG_WARN_COMMA = YES;
				CLANG_WARN_CONSTANT_CONVERSION = YES;
				CLANG_WARN_DEPRECATED_OBJC_IMPLEMENTATIONS = YES;
				CLANG_WARN_DIRECT_OBJC_ISA_USAGE = YES_ERROR;
				CLANG_WARN_DOCUMENTATION_COMMENTS = YES;
				CLANG_WARN_EMPTY_BODY = YES;
				CLANG_WARN_ENUM_CONVERSION = YES;
				CLANG_WARN_INFINITE_RECURSION = YES;
				CLANG_WARN_INT_CONVERSION = YES;
				CLANG_WARN_NON_LITERAL_NULL_CONVERSION = YES;
				CLANG_WARN_OBJC_IMPLICIT_RETAIN_SELF = YES;
				CLANG_WARN_OBJC_LITERAL_CONVERSION = YES;
				CLANG_WARN_OBJC_ROOT_CLASS = YES_ERROR;
				CLANG_WARN_QUOTED_INCLUDE_IN_FRAMEWORK_HEADER = YES;
				CLANG_WARN_RANGE_LOOP_ANALYSIS = YES;
				CLANG_WARN_STRICT_PROTOTYPES = YES;
				CLANG_WARN_SUSPICIOUS_MOVE = YES;
				CLANG_WARN_UNGUARDED_AVAILABILITY = YES_AGGRESSIVE;
				CLANG_WARN_UNREACHABLE_CODE = YES;
				CLANG_WARN__DUPLICATE_METHOD_MATCH = YES;
				COPY_PHASE_STRIP = NO;
				DEBUG_INFORMATION_FORMAT = "dwarf-with-dsym";
				ENABLE_NS_ASSERTIONS = NO;
				ENABLE_STRICT_OBJC_MSGSEND = YES;
				GCC_C_LANGUAGE_STANDARD = gnu11;
				GCC_NO_COMMON_BLOCKS = YES;
				GCC_WARN_64_TO_32_BIT_CONVERSION = YES;
				GCC_WARN_ABOUT_RETURN_TYPE = YES_ERROR;
				GCC_WARN_UNDECLARED_SELECTOR = YES;
				GCC_WARN_UNINITIALIZED_AUTOS = YES_AGGRESSIVE;
				GCC_WARN_UNUSED_FUNCTION = YES;
				GCC_WARN_UNUSED_VARIABLE = YES;
				IPHONEOS_DEPLOYMENT_TARGET = 16.4;
				MTL_ENABLE_DEBUG_INFO = NO;
				MTL_FAST_MATH = YES;
				SDKROOT = iphoneos;
				SWIFT_COMPILATION_MODE = wholemodule;
				SWIFT_OPTIMIZATION_LEVEL = "-O";
				VALIDATE_PRODUCT = YES;
			};
			name = Release;
		};
		65619F0C2AB760B5009E90CA /* Debug */ = {
			isa = XCBuildConfiguration;
			buildSettings = {
				ASSETCATALOG_COMPILER_APPICON_NAME = AppIcon;
				ASSETCATALOG_COMPILER_GLOBAL_ACCENT_COLOR_NAME = AccentColor;
				CODE_SIGN_STYLE = Automatic;
				CURRENT_PROJECT_VERSION = 1;
				DEVELOPMENT_ASSET_PATHS = "\"HealthKit-Challenge/Preview Content\"";
				ENABLE_PREVIEWS = YES;
				GENERATE_INFOPLIST_FILE = YES;
				INFOPLIST_KEY_UIApplicationSceneManifest_Generation = YES;
				INFOPLIST_KEY_UIApplicationSupportsIndirectInputEvents = YES;
				INFOPLIST_KEY_UILaunchScreen_Generation = YES;
				INFOPLIST_KEY_UISupportedInterfaceOrientations_iPad = "UIInterfaceOrientationPortrait UIInterfaceOrientationPortraitUpsideDown UIInterfaceOrientationLandscapeLeft UIInterfaceOrientationLandscapeRight";
				INFOPLIST_KEY_UISupportedInterfaceOrientations_iPhone = "UIInterfaceOrientationPortrait UIInterfaceOrientationLandscapeLeft UIInterfaceOrientationLandscapeRight";
				LD_RUNPATH_SEARCH_PATHS = (
					"$(inherited)",
					"@executable_path/Frameworks",
				);
				MARKETING_VERSION = 1.0;
				PRODUCT_BUNDLE_IDENTIFIER = "giosvro.HealthKit-Challenge";
				PRODUCT_NAME = "$(TARGET_NAME)";
				SWIFT_EMIT_LOC_STRINGS = YES;
				SWIFT_VERSION = 5.0;
				TARGETED_DEVICE_FAMILY = "1,2";
			};
			name = Debug;
		};
		65619F0D2AB760B5009E90CA /* Release */ = {
			isa = XCBuildConfiguration;
			buildSettings = {
				ASSETCATALOG_COMPILER_APPICON_NAME = AppIcon;
				ASSETCATALOG_COMPILER_GLOBAL_ACCENT_COLOR_NAME = AccentColor;
				CODE_SIGN_STYLE = Automatic;
				CURRENT_PROJECT_VERSION = 1;
				DEVELOPMENT_ASSET_PATHS = "\"HealthKit-Challenge/Preview Content\"";
				ENABLE_PREVIEWS = YES;
				GENERATE_INFOPLIST_FILE = YES;
				INFOPLIST_KEY_UIApplicationSceneManifest_Generation = YES;
				INFOPLIST_KEY_UIApplicationSupportsIndirectInputEvents = YES;
				INFOPLIST_KEY_UILaunchScreen_Generation = YES;
				INFOPLIST_KEY_UISupportedInterfaceOrientations_iPad = "UIInterfaceOrientationPortrait UIInterfaceOrientationPortraitUpsideDown UIInterfaceOrientationLandscapeLeft UIInterfaceOrientationLandscapeRight";
				INFOPLIST_KEY_UISupportedInterfaceOrientations_iPhone = "UIInterfaceOrientationPortrait UIInterfaceOrientationLandscapeLeft UIInterfaceOrientationLandscapeRight";
				LD_RUNPATH_SEARCH_PATHS = (
					"$(inherited)",
					"@executable_path/Frameworks",
				);
				MARKETING_VERSION = 1.0;
				PRODUCT_BUNDLE_IDENTIFIER = "giosvro.HealthKit-Challenge";
				PRODUCT_NAME = "$(TARGET_NAME)";
				SWIFT_EMIT_LOC_STRINGS = YES;
				SWIFT_VERSION = 5.0;
				TARGETED_DEVICE_FAMILY = "1,2";
			};
			name = Release;
		};
		65619F0F2AB760B5009E90CA /* Debug */ = {
			isa = XCBuildConfiguration;
			buildSettings = {
				ALWAYS_EMBED_SWIFT_STANDARD_LIBRARIES = YES;
				BUNDLE_LOADER = "$(TEST_HOST)";
				CODE_SIGN_STYLE = Automatic;
				CURRENT_PROJECT_VERSION = 1;
				GENERATE_INFOPLIST_FILE = YES;
				IPHONEOS_DEPLOYMENT_TARGET = 16.4;
				MARKETING_VERSION = 1.0;
				PRODUCT_BUNDLE_IDENTIFIER = "giosvro.HealthKit-ChallengeTests";
				PRODUCT_NAME = "$(TARGET_NAME)";
				SWIFT_EMIT_LOC_STRINGS = NO;
				SWIFT_VERSION = 5.0;
				TARGETED_DEVICE_FAMILY = "1,2";
				TEST_HOST = "$(BUILT_PRODUCTS_DIR)/HealthKit-Challenge.app/$(BUNDLE_EXECUTABLE_FOLDER_PATH)/HealthKit-Challenge";
			};
			name = Debug;
		};
		65619F102AB760B5009E90CA /* Release */ = {
			isa = XCBuildConfiguration;
			buildSettings = {
				ALWAYS_EMBED_SWIFT_STANDARD_LIBRARIES = YES;
				BUNDLE_LOADER = "$(TEST_HOST)";
				CODE_SIGN_STYLE = Automatic;
				CURRENT_PROJECT_VERSION = 1;
				GENERATE_INFOPLIST_FILE = YES;
				IPHONEOS_DEPLOYMENT_TARGET = 16.4;
				MARKETING_VERSION = 1.0;
				PRODUCT_BUNDLE_IDENTIFIER = "giosvro.HealthKit-ChallengeTests";
				PRODUCT_NAME = "$(TARGET_NAME)";
				SWIFT_EMIT_LOC_STRINGS = NO;
				SWIFT_VERSION = 5.0;
				TARGETED_DEVICE_FAMILY = "1,2";
				TEST_HOST = "$(BUILT_PRODUCTS_DIR)/HealthKit-Challenge.app/$(BUNDLE_EXECUTABLE_FOLDER_PATH)/HealthKit-Challenge";
			};
			name = Release;
		};
		65619F122AB760B5009E90CA /* Debug */ = {
			isa = XCBuildConfiguration;
			buildSettings = {
				ALWAYS_EMBED_SWIFT_STANDARD_LIBRARIES = YES;
				CODE_SIGN_STYLE = Automatic;
				CURRENT_PROJECT_VERSION = 1;
				GENERATE_INFOPLIST_FILE = YES;
				MARKETING_VERSION = 1.0;
				PRODUCT_BUNDLE_IDENTIFIER = "giosvro.HealthKit-ChallengeUITests";
				PRODUCT_NAME = "$(TARGET_NAME)";
				SWIFT_EMIT_LOC_STRINGS = NO;
				SWIFT_VERSION = 5.0;
				TARGETED_DEVICE_FAMILY = "1,2";
				TEST_TARGET_NAME = "HealthKit-Challenge";
			};
			name = Debug;
		};
		65619F132AB760B5009E90CA /* Release */ = {
			isa = XCBuildConfiguration;
			buildSettings = {
				ALWAYS_EMBED_SWIFT_STANDARD_LIBRARIES = YES;
				CODE_SIGN_STYLE = Automatic;
				CURRENT_PROJECT_VERSION = 1;
				GENERATE_INFOPLIST_FILE = YES;
				MARKETING_VERSION = 1.0;
				PRODUCT_BUNDLE_IDENTIFIER = "giosvro.HealthKit-ChallengeUITests";
				PRODUCT_NAME = "$(TARGET_NAME)";
				SWIFT_EMIT_LOC_STRINGS = NO;
				SWIFT_VERSION = 5.0;
				TARGETED_DEVICE_FAMILY = "1,2";
				TEST_TARGET_NAME = "HealthKit-Challenge";
			};
			name = Release;
		};
/* End XCBuildConfiguration section */

/* Begin XCConfigurationList section */
		65619EE22AB760B4009E90CA /* Build configuration list for PBXProject "HealthKit-Challenge" */ = {
			isa = XCConfigurationList;
			buildConfigurations = (
				65619F092AB760B5009E90CA /* Debug */,
				65619F0A2AB760B5009E90CA /* Release */,
			);
			defaultConfigurationIsVisible = 0;
			defaultConfigurationName = Release;
		};
		65619F0B2AB760B5009E90CA /* Build configuration list for PBXNativeTarget "HealthKit-Challenge" */ = {
			isa = XCConfigurationList;
			buildConfigurations = (
				65619F0C2AB760B5009E90CA /* Debug */,
				65619F0D2AB760B5009E90CA /* Release */,
			);
			defaultConfigurationIsVisible = 0;
			defaultConfigurationName = Release;
		};
		65619F0E2AB760B5009E90CA /* Build configuration list for PBXNativeTarget "HealthKit-ChallengeTests" */ = {
			isa = XCConfigurationList;
			buildConfigurations = (
				65619F0F2AB760B5009E90CA /* Debug */,
				65619F102AB760B5009E90CA /* Release */,
			);
			defaultConfigurationIsVisible = 0;
			defaultConfigurationName = Release;
		};
		65619F112AB760B5009E90CA /* Build configuration list for PBXNativeTarget "HealthKit-ChallengeUITests" */ = {
			isa = XCConfigurationList;
			buildConfigurations = (
				65619F122AB760B5009E90CA /* Debug */,
				65619F132AB760B5009E90CA /* Release */,
			);
			defaultConfigurationIsVisible = 0;
			defaultConfigurationName = Release;
		};
/* End XCConfigurationList section */
	};
	rootObject = 65619EDF2AB760B4009E90CA /* Project object */;
}
