// !$*UTF8*$!
{
	archiveVersion = 1;
	classes = {
	};
	objectVersion = 56;
	objects = {

/* Begin PBXBuildFile section */
		65B430722AB763DB00A4CEA0 /* AppDelegate.swift in Sources */ = {isa = PBXBuildFile; fileRef = 65B430712AB763DB00A4CEA0 /* AppDelegate.swift */; };
		65B430742AB763DB00A4CEA0 /* SceneDelegate.swift in Sources */ = {isa = PBXBuildFile; fileRef = 65B430732AB763DB00A4CEA0 /* SceneDelegate.swift */; };
		65B430762AB763DB00A4CEA0 /* ViewController.swift in Sources */ = {isa = PBXBuildFile; fileRef = 65B430752AB763DB00A4CEA0 /* ViewController.swift */; };
		65B430792AB763DB00A4CEA0 /* Main.storyboard in Resources */ = {isa = PBXBuildFile; fileRef = 65B430772AB763DB00A4CEA0 /* Main.storyboard */; };
		65B4307B2AB763DC00A4CEA0 /* Assets.xcassets in Resources */ = {isa = PBXBuildFile; fileRef = 65B4307A2AB763DC00A4CEA0 /* Assets.xcassets */; };
		65B4307E2AB763DC00A4CEA0 /* LaunchScreen.storyboard in Resources */ = {isa = PBXBuildFile; fileRef = 65B4307C2AB763DC00A4CEA0 /* LaunchScreen.storyboard */; };
		65B430892AB763DC00A4CEA0 /* HealthKit_ChallengeTests.swift in Sources */ = {isa = PBXBuildFile; fileRef = 65B430882AB763DC00A4CEA0 /* HealthKit_ChallengeTests.swift */; };
		65B430932AB763DC00A4CEA0 /* HealthKit_ChallengeUITests.swift in Sources */ = {isa = PBXBuildFile; fileRef = 65B430922AB763DC00A4CEA0 /* HealthKit_ChallengeUITests.swift */; };
		65B430952AB763DC00A4CEA0 /* HealthKit_ChallengeUITestsLaunchTests.swift in Sources */ = {isa = PBXBuildFile; fileRef = 65B430942AB763DC00A4CEA0 /* HealthKit_ChallengeUITestsLaunchTests.swift */; };
		65B430A32ABE5C8400A4CEA0 /* HealthManager.swift in Sources */ = {isa = PBXBuildFile; fileRef = 65B430A22ABE5C8400A4CEA0 /* HealthManager.swift */; };
/* End PBXBuildFile section */

/* Begin PBXContainerItemProxy section */
		65B430852AB763DC00A4CEA0 /* PBXContainerItemProxy */ = {
			isa = PBXContainerItemProxy;
			containerPortal = 65B430662AB763DB00A4CEA0 /* Project object */;
			proxyType = 1;
			remoteGlobalIDString = 65B4306D2AB763DB00A4CEA0;
			remoteInfo = "HealthKit-Challenge";
		};
		65B4308F2AB763DC00A4CEA0 /* PBXContainerItemProxy */ = {
			isa = PBXContainerItemProxy;
			containerPortal = 65B430662AB763DB00A4CEA0 /* Project object */;
			proxyType = 1;
			remoteGlobalIDString = 65B4306D2AB763DB00A4CEA0;
			remoteInfo = "HealthKit-Challenge";
		};
/* End PBXContainerItemProxy section */

/* Begin PBXFileReference section */
		65B4306E2AB763DB00A4CEA0 /* HealthKit-Challenge.app */ = {isa = PBXFileReference; explicitFileType = wrapper.application; includeInIndex = 0; path = "HealthKit-Challenge.app"; sourceTree = BUILT_PRODUCTS_DIR; };
		65B430712AB763DB00A4CEA0 /* AppDelegate.swift */ = {isa = PBXFileReference; lastKnownFileType = sourcecode.swift; path = AppDelegate.swift; sourceTree = "<group>"; };
		65B430732AB763DB00A4CEA0 /* SceneDelegate.swift */ = {isa = PBXFileReference; lastKnownFileType = sourcecode.swift; path = SceneDelegate.swift; sourceTree = "<group>"; };
		65B430752AB763DB00A4CEA0 /* ViewController.swift */ = {isa = PBXFileReference; lastKnownFileType = sourcecode.swift; path = ViewController.swift; sourceTree = "<group>"; };
		65B430782AB763DB00A4CEA0 /* Base */ = {isa = PBXFileReference; lastKnownFileType = file.storyboard; name = Base; path = Base.lproj/Main.storyboard; sourceTree = "<group>"; };
		65B4307A2AB763DC00A4CEA0 /* Assets.xcassets */ = {isa = PBXFileReference; lastKnownFileType = folder.assetcatalog; path = Assets.xcassets; sourceTree = "<group>"; };
		65B4307D2AB763DC00A4CEA0 /* Base */ = {isa = PBXFileReference; lastKnownFileType = file.storyboard; name = Base; path = Base.lproj/LaunchScreen.storyboard; sourceTree = "<group>"; };
		65B4307F2AB763DC00A4CEA0 /* Info.plist */ = {isa = PBXFileReference; lastKnownFileType = text.plist.xml; path = Info.plist; sourceTree = "<group>"; };
		65B430842AB763DC00A4CEA0 /* HealthKit-ChallengeTests.xctest */ = {isa = PBXFileReference; explicitFileType = wrapper.cfbundle; includeInIndex = 0; path = "HealthKit-ChallengeTests.xctest"; sourceTree = BUILT_PRODUCTS_DIR; };
		65B430882AB763DC00A4CEA0 /* HealthKit_ChallengeTests.swift */ = {isa = PBXFileReference; lastKnownFileType = sourcecode.swift; path = HealthKit_ChallengeTests.swift; sourceTree = "<group>"; };
		65B4308E2AB763DC00A4CEA0 /* HealthKit-ChallengeUITests.xctest */ = {isa = PBXFileReference; explicitFileType = wrapper.cfbundle; includeInIndex = 0; path = "HealthKit-ChallengeUITests.xctest"; sourceTree = BUILT_PRODUCTS_DIR; };
		65B430922AB763DC00A4CEA0 /* HealthKit_ChallengeUITests.swift */ = {isa = PBXFileReference; lastKnownFileType = sourcecode.swift; path = HealthKit_ChallengeUITests.swift; sourceTree = "<group>"; };
		65B430942AB763DC00A4CEA0 /* HealthKit_ChallengeUITestsLaunchTests.swift */ = {isa = PBXFileReference; lastKnownFileType = sourcecode.swift; path = HealthKit_ChallengeUITestsLaunchTests.swift; sourceTree = "<group>"; };
		65B430A12ABE5A3D00A4CEA0 /* HealthKit-Challenge.entitlements */ = {isa = PBXFileReference; lastKnownFileType = text.plist.entitlements; path = "HealthKit-Challenge.entitlements"; sourceTree = "<group>"; };
		65B430A22ABE5C8400A4CEA0 /* HealthManager.swift */ = {isa = PBXFileReference; lastKnownFileType = sourcecode.swift; path = HealthManager.swift; sourceTree = "<group>"; };
/* End PBXFileReference section */

/* Begin PBXFrameworksBuildPhase section */
		65B4306B2AB763DB00A4CEA0 /* Frameworks */ = {
			isa = PBXFrameworksBuildPhase;
			buildActionMask = 2147483647;
			files = (
			);
			runOnlyForDeploymentPostprocessing = 0;
		};
		65B430812AB763DC00A4CEA0 /* Frameworks */ = {
			isa = PBXFrameworksBuildPhase;
			buildActionMask = 2147483647;
			files = (
			);
			runOnlyForDeploymentPostprocessing = 0;
		};
		65B4308B2AB763DC00A4CEA0 /* Frameworks */ = {
			isa = PBXFrameworksBuildPhase;
			buildActionMask = 2147483647;
			files = (
			);
			runOnlyForDeploymentPostprocessing = 0;
		};
/* End PBXFrameworksBuildPhase section */

/* Begin PBXGroup section */
		65B430652AB763DB00A4CEA0 = {
			isa = PBXGroup;
			children = (
				65B430702AB763DB00A4CEA0 /* HealthKit-Challenge */,
				65B430872AB763DC00A4CEA0 /* HealthKit-ChallengeTests */,
				65B430912AB763DC00A4CEA0 /* HealthKit-ChallengeUITests */,
				65B4306F2AB763DB00A4CEA0 /* Products */,
			);
			sourceTree = "<group>";
		};
		65B4306F2AB763DB00A4CEA0 /* Products */ = {
			isa = PBXGroup;
			children = (
				65B4306E2AB763DB00A4CEA0 /* HealthKit-Challenge.app */,
				65B430842AB763DC00A4CEA0 /* HealthKit-ChallengeTests.xctest */,
				65B4308E2AB763DC00A4CEA0 /* HealthKit-ChallengeUITests.xctest */,
			);
			name = Products;
			sourceTree = "<group>";
		};
		65B430702AB763DB00A4CEA0 /* HealthKit-Challenge */ = {
			isa = PBXGroup;
			children = (
				65B430A12ABE5A3D00A4CEA0 /* HealthKit-Challenge.entitlements */,
				65B430712AB763DB00A4CEA0 /* AppDelegate.swift */,
				65B430732AB763DB00A4CEA0 /* SceneDelegate.swift */,
				65B430752AB763DB00A4CEA0 /* ViewController.swift */,
				65B430772AB763DB00A4CEA0 /* Main.storyboard */,
				65B4307A2AB763DC00A4CEA0 /* Assets.xcassets */,
				65B4307C2AB763DC00A4CEA0 /* LaunchScreen.storyboard */,
				65B4307F2AB763DC00A4CEA0 /* Info.plist */,
				65B430A22ABE5C8400A4CEA0 /* HealthManager.swift */,
			);
			path = "HealthKit-Challenge";
			sourceTree = "<group>";
		};
		65B430872AB763DC00A4CEA0 /* HealthKit-ChallengeTests */ = {
			isa = PBXGroup;
			children = (
				65B430882AB763DC00A4CEA0 /* HealthKit_ChallengeTests.swift */,
			);
			path = "HealthKit-ChallengeTests";
			sourceTree = "<group>";
		};
		65B430912AB763DC00A4CEA0 /* HealthKit-ChallengeUITests */ = {
			isa = PBXGroup;
			children = (
				65B430922AB763DC00A4CEA0 /* HealthKit_ChallengeUITests.swift */,
				65B430942AB763DC00A4CEA0 /* HealthKit_ChallengeUITestsLaunchTests.swift */,
			);
			path = "HealthKit-ChallengeUITests";
			sourceTree = "<group>";
		};
/* End PBXGroup section */

/* Begin PBXNativeTarget section */
		65B4306D2AB763DB00A4CEA0 /* HealthKit-Challenge */ = {
			isa = PBXNativeTarget;
			buildConfigurationList = 65B430982AB763DC00A4CEA0 /* Build configuration list for PBXNativeTarget "HealthKit-Challenge" */;
			buildPhases = (
				65B4306A2AB763DB00A4CEA0 /* Sources */,
				65B4306B2AB763DB00A4CEA0 /* Frameworks */,
				65B4306C2AB763DB00A4CEA0 /* Resources */,
			);
			buildRules = (
			);
			dependencies = (
			);
			name = "HealthKit-Challenge";
			productName = "HealthKit-Challenge";
			productReference = 65B4306E2AB763DB00A4CEA0 /* HealthKit-Challenge.app */;
			productType = "com.apple.product-type.application";
		};
		65B430832AB763DC00A4CEA0 /* HealthKit-ChallengeTests */ = {
			isa = PBXNativeTarget;
			buildConfigurationList = 65B4309B2AB763DC00A4CEA0 /* Build configuration list for PBXNativeTarget "HealthKit-ChallengeTests" */;
			buildPhases = (
				65B430802AB763DC00A4CEA0 /* Sources */,
				65B430812AB763DC00A4CEA0 /* Frameworks */,
				65B430822AB763DC00A4CEA0 /* Resources */,
			);
			buildRules = (
			);
			dependencies = (
				65B430862AB763DC00A4CEA0 /* PBXTargetDependency */,
			);
			name = "HealthKit-ChallengeTests";
			productName = "HealthKit-ChallengeTests";
			productReference = 65B430842AB763DC00A4CEA0 /* HealthKit-ChallengeTests.xctest */;
			productType = "com.apple.product-type.bundle.unit-test";
		};
		65B4308D2AB763DC00A4CEA0 /* HealthKit-ChallengeUITests */ = {
			isa = PBXNativeTarget;
			buildConfigurationList = 65B4309E2AB763DC00A4CEA0 /* Build configuration list for PBXNativeTarget "HealthKit-ChallengeUITests" */;
			buildPhases = (
				65B4308A2AB763DC00A4CEA0 /* Sources */,
				65B4308B2AB763DC00A4CEA0 /* Frameworks */,
				65B4308C2AB763DC00A4CEA0 /* Resources */,
			);
			buildRules = (
			);
			dependencies = (
				65B430902AB763DC00A4CEA0 /* PBXTargetDependency */,
			);
			name = "HealthKit-ChallengeUITests";
			productName = "HealthKit-ChallengeUITests";
			productReference = 65B4308E2AB763DC00A4CEA0 /* HealthKit-ChallengeUITests.xctest */;
			productType = "com.apple.product-type.bundle.ui-testing";
		};
/* End PBXNativeTarget section */

/* Begin PBXProject section */
		65B430662AB763DB00A4CEA0 /* Project object */ = {
			isa = PBXProject;
			attributes = {
				BuildIndependentTargetsInParallel = 1;
				LastSwiftUpdateCheck = 1430;
				LastUpgradeCheck = 1430;
				TargetAttributes = {
					65B4306D2AB763DB00A4CEA0 = {
						CreatedOnToolsVersion = 14.3.1;
					};
					65B430832AB763DC00A4CEA0 = {
						CreatedOnToolsVersion = 14.3.1;
						TestTargetID = 65B4306D2AB763DB00A4CEA0;
					};
					65B4308D2AB763DC00A4CEA0 = {
						CreatedOnToolsVersion = 14.3.1;
						TestTargetID = 65B4306D2AB763DB00A4CEA0;
					};
				};
			};
			buildConfigurationList = 65B430692AB763DB00A4CEA0 /* Build configuration list for PBXProject "HealthKit-Challenge" */;
			compatibilityVersion = "Xcode 14.0";
			developmentRegion = en;
			hasScannedForEncodings = 0;
			knownRegions = (
				en,
				Base,
			);
			mainGroup = 65B430652AB763DB00A4CEA0;
			productRefGroup = 65B4306F2AB763DB00A4CEA0 /* Products */;
			projectDirPath = "";
			projectRoot = "";
			targets = (
				65B4306D2AB763DB00A4CEA0 /* HealthKit-Challenge */,
				65B430832AB763DC00A4CEA0 /* HealthKit-ChallengeTests */,
				65B4308D2AB763DC00A4CEA0 /* HealthKit-ChallengeUITests */,
			);
		};
/* End PBXProject section */

/* Begin PBXResourcesBuildPhase section */
		65B4306C2AB763DB00A4CEA0 /* Resources */ = {
			isa = PBXResourcesBuildPhase;
			buildActionMask = 2147483647;
			files = (
				65B4307E2AB763DC00A4CEA0 /* LaunchScreen.storyboard in Resources */,
				65B4307B2AB763DC00A4CEA0 /* Assets.xcassets in Resources */,
				65B430792AB763DB00A4CEA0 /* Main.storyboard in Resources */,
			);
			runOnlyForDeploymentPostprocessing = 0;
		};
		65B430822AB763DC00A4CEA0 /* Resources */ = {
			isa = PBXResourcesBuildPhase;
			buildActionMask = 2147483647;
			files = (
			);
			runOnlyForDeploymentPostprocessing = 0;
		};
		65B4308C2AB763DC00A4CEA0 /* Resources */ = {
			isa = PBXResourcesBuildPhase;
			buildActionMask = 2147483647;
			files = (
			);
			runOnlyForDeploymentPostprocessing = 0;
		};
/* End PBXResourcesBuildPhase section */

/* Begin PBXSourcesBuildPhase section */
		65B4306A2AB763DB00A4CEA0 /* Sources */ = {
			isa = PBXSourcesBuildPhase;
			buildActionMask = 2147483647;
			files = (
				65B430762AB763DB00A4CEA0 /* ViewController.swift in Sources */,
				65B430722AB763DB00A4CEA0 /* AppDelegate.swift in Sources */,
				65B430742AB763DB00A4CEA0 /* SceneDelegate.swift in Sources */,
				65B430A32ABE5C8400A4CEA0 /* HealthManager.swift in Sources */,
			);
			runOnlyForDeploymentPostprocessing = 0;
		};
		65B430802AB763DC00A4CEA0 /* Sources */ = {
			isa = PBXSourcesBuildPhase;
			buildActionMask = 2147483647;
			files = (
				65B430892AB763DC00A4CEA0 /* HealthKit_ChallengeTests.swift in Sources */,
			);
			runOnlyForDeploymentPostprocessing = 0;
		};
		65B4308A2AB763DC00A4CEA0 /* Sources */ = {
			isa = PBXSourcesBuildPhase;
			buildActionMask = 2147483647;
			files = (
				65B430932AB763DC00A4CEA0 /* HealthKit_ChallengeUITests.swift in Sources */,
				65B430952AB763DC00A4CEA0 /* HealthKit_ChallengeUITestsLaunchTests.swift in Sources */,
			);
			runOnlyForDeploymentPostprocessing = 0;
		};
/* End PBXSourcesBuildPhase section */

/* Begin PBXTargetDependency section */
		65B430862AB763DC00A4CEA0 /* PBXTargetDependency */ = {
			isa = PBXTargetDependency;
			target = 65B4306D2AB763DB00A4CEA0 /* HealthKit-Challenge */;
			targetProxy = 65B430852AB763DC00A4CEA0 /* PBXContainerItemProxy */;
		};
		65B430902AB763DC00A4CEA0 /* PBXTargetDependency */ = {
			isa = PBXTargetDependency;
			target = 65B4306D2AB763DB00A4CEA0 /* HealthKit-Challenge */;
			targetProxy = 65B4308F2AB763DC00A4CEA0 /* PBXContainerItemProxy */;
		};
/* End PBXTargetDependency section */

/* Begin PBXVariantGroup section */
		65B430772AB763DB00A4CEA0 /* Main.storyboard */ = {
			isa = PBXVariantGroup;
			children = (
				65B430782AB763DB00A4CEA0 /* Base */,
			);
			name = Main.storyboard;
			sourceTree = "<group>";
		};
		65B4307C2AB763DC00A4CEA0 /* LaunchScreen.storyboard */ = {
			isa = PBXVariantGroup;
			children = (
				65B4307D2AB763DC00A4CEA0 /* Base */,
			);
			name = LaunchScreen.storyboard;
			sourceTree = "<group>";
		};
/* End PBXVariantGroup section */

/* Begin XCBuildConfiguration section */
		65B430962AB763DC00A4CEA0 /* Debug */ = {
			isa = XCBuildConfiguration;
			buildSettings = {
				ALWAYS_SEARCH_USER_PATHS = NO;
				CLANG_ANALYZER_NONNULL = YES;
				CLANG_ANALYZER_NUMBER_OBJECT_CONVERSION = YES_AGGRESSIVE;
				CLANG_CXX_LANGUAGE_STANDARD = "gnu++20";
				CLANG_ENABLE_MODULES = YES;
				CLANG_ENABLE_OBJC_ARC = YES;
				CLANG_ENABLE_OBJC_WEAK = YES;
				CLANG_WARN_BLOCK_CAPTURE_AUTORELEASING = YES;
				CLANG_WARN_BOOL_CONVERSION = YES;
				CLANG_WARN_COMMA = YES;
				CLANG_WARN_CONSTANT_CONVERSION = YES;
				CLANG_WARN_DEPRECATED_OBJC_IMPLEMENTATIONS = YES;
				CLANG_WARN_DIRECT_OBJC_ISA_USAGE = YES_ERROR;
				CLANG_WARN_DOCUMENTATION_COMMENTS = YES;
				CLANG_WARN_EMPTY_BODY = YES;
				CLANG_WARN_ENUM_CONVERSION = YES;
				CLANG_WARN_INFINITE_RECURSION = YES;
				CLANG_WARN_INT_CONVERSION = YES;
				CLANG_WARN_NON_LITERAL_NULL_CONVERSION = YES;
				CLANG_WARN_OBJC_IMPLICIT_RETAIN_SELF = YES;
				CLANG_WARN_OBJC_LITERAL_CONVERSION = YES;
				CLANG_WARN_OBJC_ROOT_CLASS = YES_ERROR;
				CLANG_WARN_QUOTED_INCLUDE_IN_FRAMEWORK_HEADER = YES;
				CLANG_WARN_RANGE_LOOP_ANALYSIS = YES;
				CLANG_WARN_STRICT_PROTOTYPES = YES;
				CLANG_WARN_SUSPICIOUS_MOVE = YES;
				CLANG_WARN_UNGUARDED_AVAILABILITY = YES_AGGRESSIVE;
				CLANG_WARN_UNREACHABLE_CODE = YES;
				CLANG_WARN__DUPLICATE_METHOD_MATCH = YES;
				COPY_PHASE_STRIP = NO;
				DEBUG_INFORMATION_FORMAT = dwarf;
				ENABLE_STRICT_OBJC_MSGSEND = YES;
				ENABLE_TESTABILITY = YES;
				GCC_C_LANGUAGE_STANDARD = gnu11;
				GCC_DYNAMIC_NO_PIC = NO;
				GCC_NO_COMMON_BLOCKS = YES;
				GCC_OPTIMIZATION_LEVEL = 0;
				GCC_PREPROCESSOR_DEFINITIONS = (
					"DEBUG=1",
					"$(inherited)",
				);
				GCC_WARN_64_TO_32_BIT_CONVERSION = YES;
				GCC_WARN_ABOUT_RETURN_TYPE = YES_ERROR;
				GCC_WARN_UNDECLARED_SELECTOR = YES;
				GCC_WARN_UNINITIALIZED_AUTOS = YES_AGGRESSIVE;
				GCC_WARN_UNUSED_FUNCTION = YES;
				GCC_WARN_UNUSED_VARIABLE = YES;
				IPHONEOS_DEPLOYMENT_TARGET = 16.4;
				MTL_ENABLE_DEBUG_INFO = INCLUDE_SOURCE;
				MTL_FAST_MATH = YES;
				ONLY_ACTIVE_ARCH = YES;
				SDKROOT = iphoneos;
				SWIFT_ACTIVE_COMPILATION_CONDITIONS = DEBUG;
				SWIFT_OPTIMIZATION_LEVEL = "-Onone";
			};
			name = Debug;
		};
		65B430972AB763DC00A4CEA0 /* Release */ = {
			isa = XCBuildConfiguration;
			buildSettings = {
				ALWAYS_SEARCH_USER_PATHS = NO;
				CLANG_ANALYZER_NONNULL = YES;
				CLANG_ANALYZER_NUMBER_OBJECT_CONVERSION = YES_AGGRESSIVE;
				CLANG_CXX_LANGUAGE_STANDARD = "gnu++20";
				CLANG_ENABLE_MODULES = YES;
				CLANG_ENABLE_OBJC_ARC = YES;
				CLANG_ENABLE_OBJC_WEAK = YES;
				CLANG_WARN_BLOCK_CAPTURE_AUTORELEASING = YES;
				CLANG_WARN_BOOL_CONVERSION = YES;
				CLANG_WARN_COMMA = YES;
				CLANG_WARN_CONSTANT_CONVERSION = YES;
				CLANG_WARN_DEPRECATED_OBJC_IMPLEMENTATIONS = YES;
				CLANG_WARN_DIRECT_OBJC_ISA_USAGE = YES_ERROR;
				CLANG_WARN_DOCUMENTATION_COMMENTS = YES;
				CLANG_WARN_EMPTY_BODY = YES;
				CLANG_WARN_ENUM_CONVERSION = YES;
				CLANG_WARN_INFINITE_RECURSION = YES;
				CLANG_WARN_INT_CONVERSION = YES;
				CLANG_WARN_NON_LITERAL_NULL_CONVERSION = YES;
				CLANG_WARN_OBJC_IMPLICIT_RETAIN_SELF = YES;
				CLANG_WARN_OBJC_LITERAL_CONVERSION = YES;
				CLANG_WARN_OBJC_ROOT_CLASS = YES_ERROR;
				CLANG_WARN_QUOTED_INCLUDE_IN_FRAMEWORK_HEADER = YES;
				CLANG_WARN_RANGE_LOOP_ANALYSIS = YES;
				CLANG_WARN_STRICT_PROTOTYPES = YES;
				CLANG_WARN_SUSPICIOUS_MOVE = YES;
				CLANG_WARN_UNGUARDED_AVAILABILITY = YES_AGGRESSIVE;
				CLANG_WARN_UNREACHABLE_CODE = YES;
				CLANG_WARN__DUPLICATE_METHOD_MATCH = YES;
				COPY_PHASE_STRIP = NO;
				DEBUG_INFORMATION_FORMAT = "dwarf-with-dsym";
				ENABLE_NS_ASSERTIONS = NO;
				ENABLE_STRICT_OBJC_MSGSEND = YES;
				GCC_C_LANGUAGE_STANDARD = gnu11;
				GCC_NO_COMMON_BLOCKS = YES;
				GCC_WARN_64_TO_32_BIT_CONVERSION = YES;
				GCC_WARN_ABOUT_RETURN_TYPE = YES_ERROR;
				GCC_WARN_UNDECLARED_SELECTOR = YES;
				GCC_WARN_UNINITIALIZED_AUTOS = YES_AGGRESSIVE;
				GCC_WARN_UNUSED_FUNCTION = YES;
				GCC_WARN_UNUSED_VARIABLE = YES;
				IPHONEOS_DEPLOYMENT_TARGET = 16.4;
				MTL_ENABLE_DEBUG_INFO = NO;
				MTL_FAST_MATH = YES;
				SDKROOT = iphoneos;
				SWIFT_COMPILATION_MODE = wholemodule;
				SWIFT_OPTIMIZATION_LEVEL = "-O";
				VALIDATE_PRODUCT = YES;
			};
			name = Release;
		};
		65B430992AB763DC00A4CEA0 /* Debug */ = {
			isa = XCBuildConfiguration;
			buildSettings = {
				ASSETCATALOG_COMPILER_APPICON_NAME = AppIcon;
				ASSETCATALOG_COMPILER_GLOBAL_ACCENT_COLOR_NAME = AccentColor;
				CODE_SIGN_ENTITLEMENTS = "HealthKit-Challenge/HealthKit-Challenge.entitlements";
				CODE_SIGN_STYLE = Automatic;
				CURRENT_PROJECT_VERSION = 1;
				GENERATE_INFOPLIST_FILE = YES;
				INFOPLIST_FILE = "HealthKit-Challenge/Info.plist";
				INFOPLIST_KEY_UIApplicationSupportsIndirectInputEvents = YES;
				INFOPLIST_KEY_UILaunchStoryboardName = LaunchScreen;
				INFOPLIST_KEY_UIMainStoryboardFile = Main;
				INFOPLIST_KEY_UISupportedInterfaceOrientations_iPad = "UIInterfaceOrientationPortrait UIInterfaceOrientationPortraitUpsideDown UIInterfaceOrientationLandscapeLeft UIInterfaceOrientationLandscapeRight";
				INFOPLIST_KEY_UISupportedInterfaceOrientations_iPhone = "UIInterfaceOrientationPortrait UIInterfaceOrientationLandscapeLeft UIInterfaceOrientationLandscapeRight";
				LD_RUNPATH_SEARCH_PATHS = (
					"$(inherited)",
					"@executable_path/Frameworks",
				);
				MARKETING_VERSION = 1.0;
				PRODUCT_BUNDLE_IDENTIFIER = "giosvro.HealthKit-Challenge";
				PRODUCT_NAME = "$(TARGET_NAME)";
				SWIFT_EMIT_LOC_STRINGS = YES;
				SWIFT_VERSION = 5.0;
				TARGETED_DEVICE_FAMILY = "1,2";
			};
			name = Debug;
		};
		65B4309A2AB763DC00A4CEA0 /* Release */ = {
			isa = XCBuildConfiguration;
			buildSettings = {
				ASSETCATALOG_COMPILER_APPICON_NAME = AppIcon;
				ASSETCATALOG_COMPILER_GLOBAL_ACCENT_COLOR_NAME = AccentColor;
				CODE_SIGN_ENTITLEMENTS = "HealthKit-Challenge/HealthKit-Challenge.entitlements";
				CODE_SIGN_STYLE = Automatic;
				CURRENT_PROJECT_VERSION = 1;
				GENERATE_INFOPLIST_FILE = YES;
				INFOPLIST_FILE = "HealthKit-Challenge/Info.plist";
				INFOPLIST_KEY_UIApplicationSupportsIndirectInputEvents = YES;
				INFOPLIST_KEY_UILaunchStoryboardName = LaunchScreen;
				INFOPLIST_KEY_UIMainStoryboardFile = Main;
				INFOPLIST_KEY_UISupportedInterfaceOrientations_iPad = "UIInterfaceOrientationPortrait UIInterfaceOrientationPortraitUpsideDown UIInterfaceOrientationLandscapeLeft UIInterfaceOrientationLandscapeRight";
				INFOPLIST_KEY_UISupportedInterfaceOrientations_iPhone = "UIInterfaceOrientationPortrait UIInterfaceOrientationLandscapeLeft UIInterfaceOrientationLandscapeRight";
				LD_RUNPATH_SEARCH_PATHS = (
					"$(inherited)",
					"@executable_path/Frameworks",
				);
				MARKETING_VERSION = 1.0;
				PRODUCT_BUNDLE_IDENTIFIER = "giosvro.HealthKit-Challenge";
				PRODUCT_NAME = "$(TARGET_NAME)";
				SWIFT_EMIT_LOC_STRINGS = YES;
				SWIFT_VERSION = 5.0;
				TARGETED_DEVICE_FAMILY = "1,2";
			};
			name = Release;
		};
		65B4309C2AB763DC00A4CEA0 /* Debug */ = {
			isa = XCBuildConfiguration;
			buildSettings = {
				ALWAYS_EMBED_SWIFT_STANDARD_LIBRARIES = YES;
				BUNDLE_LOADER = "$(TEST_HOST)";
				CODE_SIGN_STYLE = Automatic;
				CURRENT_PROJECT_VERSION = 1;
				GENERATE_INFOPLIST_FILE = YES;
				IPHONEOS_DEPLOYMENT_TARGET = 16.4;
				MARKETING_VERSION = 1.0;
				PRODUCT_BUNDLE_IDENTIFIER = "giosvro.HealthKit-ChallengeTests";
				PRODUCT_NAME = "$(TARGET_NAME)";
				SWIFT_EMIT_LOC_STRINGS = NO;
				SWIFT_VERSION = 5.0;
				TARGETED_DEVICE_FAMILY = "1,2";
				TEST_HOST = "$(BUILT_PRODUCTS_DIR)/HealthKit-Challenge.app/$(BUNDLE_EXECUTABLE_FOLDER_PATH)/HealthKit-Challenge";
			};
			name = Debug;
		};
		65B4309D2AB763DC00A4CEA0 /* Release */ = {
			isa = XCBuildConfiguration;
			buildSettings = {
				ALWAYS_EMBED_SWIFT_STANDARD_LIBRARIES = YES;
				BUNDLE_LOADER = "$(TEST_HOST)";
				CODE_SIGN_STYLE = Automatic;
				CURRENT_PROJECT_VERSION = 1;
				GENERATE_INFOPLIST_FILE = YES;
				IPHONEOS_DEPLOYMENT_TARGET = 16.4;
				MARKETING_VERSION = 1.0;
				PRODUCT_BUNDLE_IDENTIFIER = "giosvro.HealthKit-ChallengeTests";
				PRODUCT_NAME = "$(TARGET_NAME)";
				SWIFT_EMIT_LOC_STRINGS = NO;
				SWIFT_VERSION = 5.0;
				TARGETED_DEVICE_FAMILY = "1,2";
				TEST_HOST = "$(BUILT_PRODUCTS_DIR)/HealthKit-Challenge.app/$(BUNDLE_EXECUTABLE_FOLDER_PATH)/HealthKit-Challenge";
			};
			name = Release;
		};
		65B4309F2AB763DC00A4CEA0 /* Debug */ = {
			isa = XCBuildConfiguration;
			buildSettings = {
				ALWAYS_EMBED_SWIFT_STANDARD_LIBRARIES = YES;
				CODE_SIGN_STYLE = Automatic;
				CURRENT_PROJECT_VERSION = 1;
				GENERATE_INFOPLIST_FILE = YES;
				MARKETING_VERSION = 1.0;
				PRODUCT_BUNDLE_IDENTIFIER = "giosvro.HealthKit-ChallengeUITests";
				PRODUCT_NAME = "$(TARGET_NAME)";
				SWIFT_EMIT_LOC_STRINGS = NO;
				SWIFT_VERSION = 5.0;
				TARGETED_DEVICE_FAMILY = "1,2";
				TEST_TARGET_NAME = "HealthKit-Challenge";
			};
			name = Debug;
		};
		65B430A02AB763DC00A4CEA0 /* Release */ = {
			isa = XCBuildConfiguration;
			buildSettings = {
				ALWAYS_EMBED_SWIFT_STANDARD_LIBRARIES = YES;
				CODE_SIGN_STYLE = Automatic;
				CURRENT_PROJECT_VERSION = 1;
				GENERATE_INFOPLIST_FILE = YES;
				MARKETING_VERSION = 1.0;
				PRODUCT_BUNDLE_IDENTIFIER = "giosvro.HealthKit-ChallengeUITests";
				PRODUCT_NAME = "$(TARGET_NAME)";
				SWIFT_EMIT_LOC_STRINGS = NO;
				SWIFT_VERSION = 5.0;
				TARGETED_DEVICE_FAMILY = "1,2";
				TEST_TARGET_NAME = "HealthKit-Challenge";
			};
			name = Release;
		};
/* End XCBuildConfiguration section */

/* Begin XCConfigurationList section */
		65B430692AB763DB00A4CEA0 /* Build configuration list for PBXProject "HealthKit-Challenge" */ = {
			isa = XCConfigurationList;
			buildConfigurations = (
				65B430962AB763DC00A4CEA0 /* Debug */,
				65B430972AB763DC00A4CEA0 /* Release */,
			);
			defaultConfigurationIsVisible = 0;
			defaultConfigurationName = Release;
		};
		65B430982AB763DC00A4CEA0 /* Build configuration list for PBXNativeTarget "HealthKit-Challenge" */ = {
			isa = XCConfigurationList;
			buildConfigurations = (
				65B430992AB763DC00A4CEA0 /* Debug */,
				65B4309A2AB763DC00A4CEA0 /* Release */,
			);
			defaultConfigurationIsVisible = 0;
			defaultConfigurationName = Release;
		};
		65B4309B2AB763DC00A4CEA0 /* Build configuration list for PBXNativeTarget "HealthKit-ChallengeTests" */ = {
			isa = XCConfigurationList;
			buildConfigurations = (
				65B4309C2AB763DC00A4CEA0 /* Debug */,
				65B4309D2AB763DC00A4CEA0 /* Release */,
			);
			defaultConfigurationIsVisible = 0;
			defaultConfigurationName = Release;
		};
		65B4309E2AB763DC00A4CEA0 /* Build configuration list for PBXNativeTarget "HealthKit-ChallengeUITests" */ = {
			isa = XCConfigurationList;
			buildConfigurations = (
				65B4309F2AB763DC00A4CEA0 /* Debug */,
				65B430A02AB763DC00A4CEA0 /* Release */,
			);
			defaultConfigurationIsVisible = 0;
			defaultConfigurationName = Release;
		};
/* End XCConfigurationList section */
	};
	rootObject = 65B430662AB763DB00A4CEA0 /* Project object */;
}
